
Microsoft Visual Studio Solution File, Format Version 12.00
# Visual Studio Version 17
VisualStudioVersion = 17.7.34031.279
MinimumVisualStudioVersion = 10.0.40219.1
Project("{2150E333-8FDC-42A3-9474-1A3956D46DE8}") = "docs", "docs", "{D5A5F7AE-E9E7-4ADF-869E-E598A092EABD}"
EndProject
Project("{2150E333-8FDC-42A3-9474-1A3956D46DE8}") = "sorces", "sorces", "{AE256DD9-12B5-43C9-A501-B86152188CBD}"
EndProject
Project("{2150E333-8FDC-42A3-9474-1A3956D46DE8}") = "DomainLayer", "DomainLayer", "{4EA007C2-4D9A-458D-9813-A2C20A8AAE75}"
EndProject
Project("{2150E333-8FDC-42A3-9474-1A3956D46DE8}") = "DataLayer", "DataLayer", "{A6AB41BE-A185-453D-9ABF-40345A7A8052}"
EndProject
Project("{2150E333-8FDC-42A3-9474-1A3956D46DE8}") = "DomainModel", "DomainModel", "{138E10E2-AF25-4C41-AD09-5F4F1A0B9FD6}"
EndProject
Project("{2150E333-8FDC-42A3-9474-1A3956D46DE8}") = "ServiceLayer", "ServiceLayer", "{AC3B591C-744C-4869-8F50-5D4D43A8FA57}"
EndProject
Project("{FAE04EC0-301F-11D3-BF4B-00C04F79EFBC}") = "DomainModel", "DomainModel\DomainModel.csproj", "{20C74827-4979-4D71-8317-F8FC02FFDBFB}"
EndProject
Project("{FAE04EC0-301F-11D3-BF4B-00C04F79EFBC}") = "TestDomainModel", "TestDomainModel\TestDomainModel.csproj", "{75B4D44D-FCC3-4DBF-8ADD-948487B5783F}"
EndProject
Project("{2150E333-8FDC-42A3-9474-1A3956D46DE8}") = "Misc", "Misc", "{4A629098-1E35-4697-B772-DC1DCD58E6AE}"
EndProject
Project("{FAE04EC0-301F-11D3-BF4B-00C04F79EFBC}") = "Validators", "Helpers\Validators.csproj", "{ACFE9780-A9FF-40C6-96E8-5D1DB2A8359A}"
EndProject
Project("{FAE04EC0-301F-11D3-BF4B-00C04F79EFBC}") = "DataMapper", "DataMapper\DataMapper.csproj", "{A6422F7E-AA96-47E2-8A07-4EC534F97FE4}"
EndProject
Project("{FAE04EC0-301F-11D3-BF4B-00C04F79EFBC}") = "Services", "Services\Services.csproj", "{A975A33C-43D7-4BB9-83C3-33C1CDC82895}"
EndProject
Project("{2150E333-8FDC-42A3-9474-1A3956D46DE8}") = "config", "config", "{0C50A107-5E15-48CC-88FF-C5D064582371}"
	ProjectSection(SolutionItems) = preProject
		.editorconfig = .editorconfig
	EndProjectSection
EndProject
Project("{FAE04EC0-301F-11D3-BF4B-00C04F79EFBC}") = "TestServiceLayer", "TestServiceLayer\TestServiceLayer.csproj", "{497E560F-458C-417D-A229-30633B777571}"
EndProject
Global
	GlobalSection(SolutionConfigurationPlatforms) = preSolution
		Debug|Any CPU = Debug|Any CPU
		Release|Any CPU = Release|Any CPU
	EndGlobalSection
	GlobalSection(ProjectConfigurationPlatforms) = postSolution
		{20C74827-4979-4D71-8317-F8FC02FFDBFB}.Debug|Any CPU.ActiveCfg = Debug|Any CPU
		{20C74827-4979-4D71-8317-F8FC02FFDBFB}.Debug|Any CPU.Build.0 = Debug|Any CPU
		{20C74827-4979-4D71-8317-F8FC02FFDBFB}.Release|Any CPU.ActiveCfg = Release|Any CPU
		{20C74827-4979-4D71-8317-F8FC02FFDBFB}.Release|Any CPU.Build.0 = Release|Any CPU
		{75B4D44D-FCC3-4DBF-8ADD-948487B5783F}.Debug|Any CPU.ActiveCfg = Debug|Any CPU
		{75B4D44D-FCC3-4DBF-8ADD-948487B5783F}.Debug|Any CPU.Build.0 = Debug|Any CPU
		{75B4D44D-FCC3-4DBF-8ADD-948487B5783F}.Release|Any CPU.ActiveCfg = Release|Any CPU
		{75B4D44D-FCC3-4DBF-8ADD-948487B5783F}.Release|Any CPU.Build.0 = Release|Any CPU
		{ACFE9780-A9FF-40C6-96E8-5D1DB2A8359A}.Debug|Any CPU.ActiveCfg = Debug|Any CPU
		{ACFE9780-A9FF-40C6-96E8-5D1DB2A8359A}.Debug|Any CPU.Build.0 = Debug|Any CPU
		{ACFE9780-A9FF-40C6-96E8-5D1DB2A8359A}.Release|Any CPU.ActiveCfg = Release|Any CPU
		{ACFE9780-A9FF-40C6-96E8-5D1DB2A8359A}.Release|Any CPU.Build.0 = Release|Any CPU
		{A6422F7E-AA96-47E2-8A07-4EC534F97FE4}.Debug|Any CPU.ActiveCfg = Debug|Any CPU
		{A6422F7E-AA96-47E2-8A07-4EC534F97FE4}.Debug|Any CPU.Build.0 = Debug|Any CPU
		{A6422F7E-AA96-47E2-8A07-4EC534F97FE4}.Release|Any CPU.ActiveCfg = Release|Any CPU
		{A6422F7E-AA96-47E2-8A07-4EC534F97FE4}.Release|Any CPU.Build.0 = Release|Any CPU
		{A975A33C-43D7-4BB9-83C3-33C1CDC82895}.Debug|Any CPU.ActiveCfg = Debug|Any CPU
		{A975A33C-43D7-4BB9-83C3-33C1CDC82895}.Debug|Any CPU.Build.0 = Debug|Any CPU
		{A975A33C-43D7-4BB9-83C3-33C1CDC82895}.Release|Any CPU.ActiveCfg = Release|Any CPU
		{A975A33C-43D7-4BB9-83C3-33C1CDC82895}.Release|Any CPU.Build.0 = Release|Any CPU
		{497E560F-458C-417D-A229-30633B777571}.Debug|Any CPU.ActiveCfg = Debug|Any CPU
		{497E560F-458C-417D-A229-30633B777571}.Debug|Any CPU.Build.0 = Debug|Any CPU
		{497E560F-458C-417D-A229-30633B777571}.Release|Any CPU.ActiveCfg = Release|Any CPU
		{497E560F-458C-417D-A229-30633B777571}.Release|Any CPU.Build.0 = Release|Any CPU
	EndGlobalSection
	GlobalSection(SolutionProperties) = preSolution
		HideSolutionNode = FALSE
	EndGlobalSection
	GlobalSection(NestedProjects) = preSolution
		{4EA007C2-4D9A-458D-9813-A2C20A8AAE75} = {AE256DD9-12B5-43C9-A501-B86152188CBD}
		{A6AB41BE-A185-453D-9ABF-40345A7A8052} = {4EA007C2-4D9A-458D-9813-A2C20A8AAE75}
		{138E10E2-AF25-4C41-AD09-5F4F1A0B9FD6} = {4EA007C2-4D9A-458D-9813-A2C20A8AAE75}
		{AC3B591C-744C-4869-8F50-5D4D43A8FA57} = {4EA007C2-4D9A-458D-9813-A2C20A8AAE75}
		{20C74827-4979-4D71-8317-F8FC02FFDBFB} = {138E10E2-AF25-4C41-AD09-5F4F1A0B9FD6}
		{75B4D44D-FCC3-4DBF-8ADD-948487B5783F} = {138E10E2-AF25-4C41-AD09-5F4F1A0B9FD6}
		{4A629098-1E35-4697-B772-DC1DCD58E6AE} = {AE256DD9-12B5-43C9-A501-B86152188CBD}
		{ACFE9780-A9FF-40C6-96E8-5D1DB2A8359A} = {4A629098-1E35-4697-B772-DC1DCD58E6AE}
		{A6422F7E-AA96-47E2-8A07-4EC534F97FE4} = {A6AB41BE-A185-453D-9ABF-40345A7A8052}
		{A975A33C-43D7-4BB9-83C3-33C1CDC82895} = {AC3B591C-744C-4869-8F50-5D4D43A8FA57}
		{497E560F-458C-417D-A229-30633B777571} = {AC3B591C-744C-4869-8F50-5D4D43A8FA57}
	EndGlobalSection
	GlobalSection(ExtensibilityGlobals) = postSolution
		SolutionGuid = {34B48BCE-DA44-476D-88F3-09CD61D34931}
	EndGlobalSection
EndGlobal
